
Microsoft Visual Studio Solution File, Format Version 12.00
# Visual Studio Version 17
VisualStudioVersion = 17.14.36915.13 d17.14
MinimumVisualStudioVersion = 10.0.40219.1
Project("{FAE04EC0-301F-11D3-BF4B-00C04F79EFBC}") = "CyberSecurityAwarenessBot", "CyberSecurityAwarenessBot\CyberSecurityAwarenessBot.csproj", "{D6A5EBA2-2D7E-43D4-83E2-6DB24C3F5BF9}"
EndProject
Global
	GlobalSection(SolutionConfigurationPlatforms) = preSolution
		Debug|Any CPU = Debug|Any CPU
		Release|Any CPU = Release|Any CPU
	EndGlobalSection
	GlobalSection(ProjectConfigurationPlatforms) = postSolution
		{D6A5EBA2-2D7E-43D4-83E2-6DB24C3F5BF9}.Debug|Any CPU.ActiveCfg = Debug|Any CPU
		{D6A5EBA2-2D7E-43D4-83E2-6DB24C3F5BF9}.Debug|Any CPU.Build.0 = Debug|Any CPU
		{D6A5EBA2-2D7E-43D4-83E2-6DB24C3F5BF9}.Release|Any CPU.ActiveCfg = Release|Any CPU
		{D6A5EBA2-2D7E-43D4-83E2-6DB24C3F5BF9}.Release|Any CPU.Build.0 = Release|Any CPU
	EndGlobalSection
	GlobalSection(SolutionProperties) = preSolution
		HideSolutionNode = FALSE
	EndGlobalSection
	GlobalSection(ExtensibilityGlobals) = postSolution
		SolutionGuid = {269D8ACD-7A9B-45C2-B311-167BE6BC457F}
	EndGlobalSection
EndGlobal
